{
  "requires": true,
  "lockfileVersion": 1,
  "dependencies": {
    "@types/googlemaps": {
      "version": "3.43.1",
      "resolved": "https://registry.npmjs.org/@types/googlemaps/-/googlemaps-3.43.1.tgz",
      "integrity": "sha512-0fLZrXDMx/spPbn0YVae0YVxwd2tAdWvA4RrjIy4s4k77DEGUJJYks7AAEW8fHGAoTwu0LmGvO3NsJAPjXRAJw==",
      "dev": true
    }
  }
}
